{
  "name": "gb_node_project",
  "version": "1.0.0",
  "lockfileVersion": 2,
  "requires": true,
  "packages": {
    "": {
      "name": "gb_node_project",
      "version": "1.0.0",
      "license": "ISC",
      "dependencies": {
        "geeck_brains_student_homework_package": "^1.0.0"
      }
    },
    "node_modules/geeck_brains_student_homework_package": {
      "version": "1.0.0",
      "resolved": "https://registry.npmjs.org/geeck_brains_student_homework_package/-/geeck_brains_student_homework_package-1.0.0.tgz",
      "integrity": "sha512-Bg9lYw9tGmehsx362H8Se7WMCh1G4Iwj2dZWseIJS/aaZSfneLLaESIBqCR2o9OJTc3QQEoykRZ1c3qggzWdJQ=="
    }
  },
  "dependencies": {
    "geeck_brains_student_homework_package": {
      "version": "1.0.0",
      "resolved": "https://registry.npmjs.org/geeck_brains_student_homework_package/-/geeck_brains_student_homework_package-1.0.0.tgz",
      "integrity": "sha512-Bg9lYw9tGmehsx362H8Se7WMCh1G4Iwj2dZWseIJS/aaZSfneLLaESIBqCR2o9OJTc3QQEoykRZ1c3qggzWdJQ=="
    }
  }
}
